# generated by rye
# use `rye lock` or `rye sync` to update this lockfile
#
# last locked with the following flags:
#   pre: false
#   features: []
#   all-features: true
#   with-sources: false
#   generate-hashes: false

-e file:.
annotated-types==0.7.0
    # via mksolutions
    # via pydantic
anyio==4.4.0
    # via httpx
    # via mksolutions
beautifulsoup4==4.12.3
    # via bs4
    # via mksolutions
bs4==0.0.2
    # via mksolutions
certifi==2024.6.2
    # via httpcore
    # via httpx
    # via mksolutions
h11==0.14.0
    # via httpcore
    # via mksolutions
httpcore==1.0.5
    # via httpx
    # via mksolutions
httpx==0.27.0
    # via mksolutions
    # via respx
idna==3.7
    # via anyio
    # via httpx
    # via mksolutions
iniconfig==2.0.0
    # via mksolutions
    # via pytest
packaging==24.1
    # via mksolutions
    # via pytest
pluggy==1.5.0
    # via mksolutions
    # via pytest
pydantic==2.7.4
    # via mksolutions
pydantic-core==2.18.4
    # via mksolutions
    # via pydantic
pytest==8.2.2
    # via pytest-asyncio
    # via pytest-mock
pytest-asyncio==0.23.7
pytest-mock==3.14.0
python-dotenv==1.0.1
    # via mksolutions
respx==0.21.1
ruff==0.4.10
sniffio==1.3.1
    # via anyio
    # via httpx
    # via mksolutions
soupsieve==2.5
    # via beautifulsoup4
    # via mksolutions
typing-extensions==4.12.2
    # via mksolutions
    # via pydantic
    # via pydantic-core
